{
  "name": "extension-example",
  "version": "1.0.0",
  "lockfileVersion": 1,
  "requires": true,
  "dependencies": {
    "react-open-doodles": {
      "version": "1.0.5",
      "resolved": "https://registry.npmjs.org/react-open-doodles/-/react-open-doodles-1.0.5.tgz",
      "integrity": "sha512-TGYuRDL2XX2PG/9ZH2MXfYi/vbQLRnvqPxfzNRc4X3Nxmsiz93kIRmT5OWbItadvqEwZTD4IncwHMSLOTUvSZQ=="
    },
    "typescript": {
      "version": "4.0.3",
      "resolved": "https://registry.npmjs.org/typescript/-/typescript-4.0.3.tgz",
      "integrity": "sha512-tEu6DGxGgRJPb/mVPIZ48e69xCn2yRmCgYmDugAVwmJ6o+0u1RI18eO7E7WBTLYLaEVVOhwQmcdhQHweux/WPg==",
      "dev": true
    }
  }
}
