{
  "name": "lens-metrics-cluster-feature",
  "version": "0.0.1",
  "lockfileVersion": 1,
  "requires": true,
  "dependencies": {
    "@k8slens/extensions": {
      "version": "file:../../src/extensions/npm/extensions",
      "dev": true,
      "requires": {
        "@material-ui/core": "4.12.3",
        "@types/node": "14.17.14",
        "@types/react-select": "3.1.2",
        "conf": "^7.0.1",
        "typed-emitter": "^1.3.1"
      },
      "dependencies": {
        "@babel/runtime": {
          "version": "7.16.3",
          "resolved": "https://registry.npmjs.org/@babel/runtime/-/runtime-7.16.3.tgz",
          "integrity": "sha512-WBwekcqacdY2e9AF/Q7WLFUWmdJGJTkbjqTjoMDgXkVZ3ZRUvOPsLb5KdwISoQVsbP+DQzVZW4Zhci0DvpbNTQ==",
          "dev": true,
          "requires": {
            "regenerator-runtime": "^0.13.4"
          }
        },
        "@emotion/hash": {
          "version": "0.8.0",
          "resolved": "https://registry.npmjs.org/@emotion/hash/-/hash-0.8.0.tgz",
          "integrity": "sha512-kBJtf7PH6aWwZ6fka3zQ0p6SBYzx4fl1LoZXE2RrnYST9Xljm7WfKJrU4g/Xr3Beg72MLrp1AWNUmuYJTL7Cow==",
          "dev": true
        },
        "@material-ui/core": {
          "version": "4.12.3",
          "resolved": "https://registry.npmjs.org/@material-ui/core/-/core-4.12.3.tgz",
          "integrity": "sha512-sdpgI/PL56QVsEJldwEe4FFaFTLUqN+rd7sSZiRCdx2E/C7z5yK0y/khAWVBH24tXwto7I1hCzNWfJGZIYJKnw==",
          "dev": true,
          "requires": {
            "@babel/runtime": "^7.4.4",
            "@material-ui/styles": "^4.11.4",
            "@material-ui/system": "^4.12.1",
            "@material-ui/types": "5.1.0",
            "@material-ui/utils": "^4.11.2",
            "@types/react-transition-group": "^4.2.0",
            "clsx": "^1.0.4",
            "hoist-non-react-statics": "^3.3.2",
            "popper.js": "1.16.1-lts",
            "prop-types": "^15.7.2",
            "react-is": "^16.8.0 || ^17.0.0",
            "react-transition-group": "^4.4.0"
          }
        },
        "@material-ui/styles": {
          "version": "4.11.4",
          "resolved": "https://registry.npmjs.org/@material-ui/styles/-/styles-4.11.4.tgz",
          "integrity": "sha512-KNTIZcnj/zprG5LW0Sao7zw+yG3O35pviHzejMdcSGCdWbiO8qzRgOYL8JAxAsWBKOKYwVZxXtHWaB5T2Kvxew==",
          "dev": true,
          "requires": {
            "@babel/runtime": "^7.4.4",
            "@emotion/hash": "^0.8.0",
            "@material-ui/types": "5.1.0",
            "@material-ui/utils": "^4.11.2",
            "clsx": "^1.0.4",
            "csstype": "^2.5.2",
            "hoist-non-react-statics": "^3.3.2",
            "jss": "^10.5.1",
            "jss-plugin-camel-case": "^10.5.1",
            "jss-plugin-default-unit": "^10.5.1",
            "jss-plugin-global": "^10.5.1",
            "jss-plugin-nested": "^10.5.1",
            "jss-plugin-props-sort": "^10.5.1",
            "jss-plugin-rule-value-function": "^10.5.1",
            "jss-plugin-vendor-prefixer": "^10.5.1",
            "prop-types": "^15.7.2"
          }
        },
        "@material-ui/system": {
          "version": "4.12.1",
          "resolved": "https://registry.npmjs.org/@material-ui/system/-/system-4.12.1.tgz",
          "integrity": "sha512-lUdzs4q9kEXZGhbN7BptyiS1rLNHe6kG9o8Y307HCvF4sQxbCgpL2qi+gUk+yI8a2DNk48gISEQxoxpgph0xIw==",
          "dev": true,
          "requires": {
            "@babel/runtime": "^7.4.4",
            "@material-ui/utils": "^4.11.2",
            "csstype": "^2.5.2",
            "prop-types": "^15.7.2"
          }
        },
        "@material-ui/types": {
          "version": "5.1.0",
          "resolved": "https://registry.npmjs.org/@material-ui/types/-/types-5.1.0.tgz",
          "integrity": "sha512-7cqRjrY50b8QzRSYyhSpx4WRw2YuO0KKIGQEVk5J8uoz2BanawykgZGoWEqKm7pVIbzFDN0SpPcVV4IhOFkl8A==",
          "dev": true
        },
        "@material-ui/utils": {
          "version": "4.11.2",
          "resolved": "https://registry.npmjs.org/@material-ui/utils/-/utils-4.11.2.tgz",
          "integrity": "sha512-Uul8w38u+PICe2Fg2pDKCaIG7kOyhowZ9vjiC1FsVwPABTW8vPPKfF6OvxRq3IiBaI1faOJmgdvMG7rMJARBhA==",
          "dev": true,
          "requires": {
            "@babel/runtime": "^7.4.4",
            "prop-types": "^15.7.2",
            "react-is": "^16.8.0 || ^17.0.0"
          }
        },
        "@types/node": {
          "version": "14.17.14",
          "resolved": "https://registry.npmjs.org/@types/node/-/node-14.17.14.tgz",
          "integrity": "sha512-rsAj2u8Xkqfc332iXV12SqIsjVi07H479bOP4q94NAcjzmAvapumEhuVIt53koEf7JFrpjgNKjBga5Pnn/GL8A==",
          "dev": true
        },
        "@types/prop-types": {
          "version": "15.7.4",
          "resolved": "https://registry.npmjs.org/@types/prop-types/-/prop-types-15.7.4.tgz",
          "integrity": "sha512-rZ5drC/jWjrArrS8BR6SIr4cWpW09RNTYt9AMZo3Jwwif+iacXAqgVjm0B0Bv/S1jhDXKHqRVNCbACkJ89RAnQ==",
          "dev": true
        },
        "@types/react": {
          "version": "17.0.35",
          "resolved": "https://registry.npmjs.org/@types/react/-/react-17.0.35.tgz",
          "integrity": "sha512-r3C8/TJuri/SLZiiwwxQoLAoavaczARfT9up9b4Jr65+ErAUX3MIkU0oMOQnrpfgHme8zIqZLX7O5nnjm5Wayw==",
          "dev": true,
          "requires": {
            "@types/prop-types": "*",
            "@types/scheduler": "*",
            "csstype": "^3.0.2"
          },
          "dependencies": {
            "csstype": {
              "version": "3.0.10",
              "resolved": "https://registry.npmjs.org/csstype/-/csstype-3.0.10.tgz",
              "integrity": "sha512-2u44ZG2OcNUO9HDp/Jl8C07x6pU/eTR3ncV91SiK3dhG9TWvRVsCoJw14Ckx5DgWkzGA3waZWO3d7pgqpUI/XA==",
              "dev": true
            }
          }
        },
        "@types/react-dom": {
          "version": "17.0.11",
          "resolved": "https://registry.npmjs.org/@types/react-dom/-/react-dom-17.0.11.tgz",
          "integrity": "sha512-f96K3k+24RaLGVu/Y2Ng3e1EbZ8/cVJvypZWd7cy0ofCBaf2lcM46xNhycMZ2xGwbBjRql7hOlZ+e2WlJ5MH3Q==",
          "dev": true,
          "requires": {
            "@types/react": "*"
          }
        },
        "@types/react-select": {
          "version": "3.1.2",
          "resolved": "https://registry.npmjs.org/@types/react-select/-/react-select-3.1.2.tgz",
          "integrity": "sha512-ygvR/2FL87R2OLObEWFootYzkvm67LRA+URYEAcBuvKk7IXmdsnIwSGm60cVXGaqkJQHozb2Cy1t94tCYb6rJA==",
          "dev": true,
          "requires": {
            "@types/react": "*",
            "@types/react-dom": "*",
            "@types/react-transition-group": "*"
          }
        },
        "@types/react-transition-group": {
          "version": "4.4.4",
          "resolved": "https://registry.npmjs.org/@types/react-transition-group/-/react-transition-group-4.4.4.tgz",
          "integrity": "sha512-7gAPz7anVK5xzbeQW9wFBDg7G++aPLAFY0QaSMOou9rJZpbuI58WAuJrgu+qR92l61grlnCUe7AFX8KGahAgug==",
          "dev": true,
          "requires": {
            "@types/react": "*"
          }
        },
        "@types/scheduler": {
          "version": "0.16.2",
          "resolved": "https://registry.npmjs.org/@types/scheduler/-/scheduler-0.16.2.tgz",
          "integrity": "sha512-hppQEBDmlwhFAXKJX2KnWLYu5yMfi91yazPb2l+lbJiwW+wdo1gNeRA+3RgNSO39WYX2euey41KEwnqesU2Jew==",
          "dev": true
        },
        "ajv": {
          "version": "6.12.6",
          "resolved": "https://registry.npmjs.org/ajv/-/ajv-6.12.6.tgz",
          "integrity": "sha512-j3fVLgvTo527anyYyJOGTYJbG+vnnQYvE0m5mmkc1TK+nxAppkCLMIL0aZ4dblVCNoGShhm+kzE4ZUykBoMg4g==",
          "dev": true,
          "requires": {
            "fast-deep-equal": "^3.1.1",
            "fast-json-stable-stringify": "^2.0.0",
            "json-schema-traverse": "^0.4.1",
            "uri-js": "^4.2.2"
          }
        },
        "atomically": {
          "version": "1.7.0",
          "resolved": "https://registry.npmjs.org/atomically/-/atomically-1.7.0.tgz",
          "integrity": "sha512-Xcz9l0z7y9yQ9rdDaxlmaI4uJHf/T8g9hOEzJcsEqX2SjCj4J20uK7+ldkDHMbpJDK76wF7xEIgxc/vSlsfw5w==",
          "dev": true
        },
        "clsx": {
          "version": "1.1.1",
          "resolved": "https://registry.npmjs.org/clsx/-/clsx-1.1.1.tgz",
          "integrity": "sha512-6/bPho624p3S2pMyvP5kKBPXnI3ufHLObBFCfgx+LkeR5lg2XYy2hqZqUf45ypD8COn2bhgGJSUE+l5dhNBieA==",
          "dev": true
        },
        "conf": {
          "version": "7.1.2",
          "resolved": "https://registry.npmjs.org/conf/-/conf-7.1.2.tgz",
          "integrity": "sha512-r8/HEoWPFn4CztjhMJaWNAe5n+gPUCSaJ0oufbqDLFKsA1V8JjAG7G+p0pgoDFAws9Bpk2VtVLLXqOBA7WxLeg==",
          "dev": true,
          "requires": {
            "ajv": "^6.12.2",
            "atomically": "^1.3.1",
            "debounce-fn": "^4.0.0",
            "dot-prop": "^5.2.0",
            "env-paths": "^2.2.0",
            "json-schema-typed": "^7.0.3",
            "make-dir": "^3.1.0",
            "onetime": "^5.1.0",
            "pkg-up": "^3.1.0",
            "semver": "^7.3.2"
          }
        },
        "css-vendor": {
          "version": "2.0.8",
          "resolved": "https://registry.npmjs.org/css-vendor/-/css-vendor-2.0.8.tgz",
          "integrity": "sha512-x9Aq0XTInxrkuFeHKbYC7zWY8ai7qJ04Kxd9MnvbC1uO5DagxoHQjm4JvG+vCdXOoFtCjbL2XSZfxmoYa9uQVQ==",
          "dev": true,
          "requires": {
            "@babel/runtime": "^7.8.3",
            "is-in-browser": "^1.0.2"
          }
        },
        "csstype": {
          "version": "2.6.18",
          "resolved": "https://registry.npmjs.org/csstype/-/csstype-2.6.18.tgz",
          "integrity": "sha512-RSU6Hyeg14am3Ah4VZEmeX8H7kLwEEirXe6aU2IPfKNvhXwTflK5HQRDNI0ypQXoqmm+QPyG2IaPuQE5zMwSIQ==",
          "dev": true
        },
        "debounce-fn": {
          "version": "4.0.0",
          "resolved": "https://registry.npmjs.org/debounce-fn/-/debounce-fn-4.0.0.tgz",
          "integrity": "sha512-8pYCQiL9Xdcg0UPSD3d+0KMlOjp+KGU5EPwYddgzQ7DATsg4fuUDjQtsYLmWjnk2obnNHgV3vE2Y4jejSOJVBQ==",
          "dev": true,
          "requires": {
            "mimic-fn": "^3.0.0"
          }
        },
        "dom-helpers": {
          "version": "5.2.1",
          "resolved": "https://registry.npmjs.org/dom-helpers/-/dom-helpers-5.2.1.tgz",
          "integrity": "sha512-nRCa7CK3VTrM2NmGkIy4cbK7IZlgBE/PYMn55rrXefr5xXDP0LdtfPnblFDoVdcAfslJ7or6iqAUnx0CCGIWQA==",
          "dev": true,
          "requires": {
            "@babel/runtime": "^7.8.7",
            "csstype": "^3.0.2"
          },
          "dependencies": {
            "csstype": {
              "version": "3.0.10",
              "resolved": "https://registry.npmjs.org/csstype/-/csstype-3.0.10.tgz",
              "integrity": "sha512-2u44ZG2OcNUO9HDp/Jl8C07x6pU/eTR3ncV91SiK3dhG9TWvRVsCoJw14Ckx5DgWkzGA3waZWO3d7pgqpUI/XA==",
              "dev": true
            }
          }
        },
        "dot-prop": {
          "version": "5.3.0",
          "resolved": "https://registry.npmjs.org/dot-prop/-/dot-prop-5.3.0.tgz",
          "integrity": "sha512-QM8q3zDe58hqUqjraQOmzZ1LIH9SWQJTlEKCH4kJ2oQvLZk7RbQXvtDM2XEq3fwkV9CCvvH4LA0AV+ogFsBM2Q==",
          "dev": true,
          "requires": {
            "is-obj": "^2.0.0"
          }
        },
        "env-paths": {
          "version": "2.2.1",
          "resolved": "https://registry.npmjs.org/env-paths/-/env-paths-2.2.1.tgz",
          "integrity": "sha512-+h1lkLKhZMTYjog1VEpJNG7NZJWcuc2DDk/qsqSTRRCOXiLjeQ1d1/udrUGhqMxUgAlwKNZ0cf2uqan5GLuS2A==",
          "dev": true
        },
        "fast-deep-equal": {
          "version": "3.1.3",
          "resolved": "https://registry.npmjs.org/fast-deep-equal/-/fast-deep-equal-3.1.3.tgz",
          "integrity": "sha512-f3qQ9oQy9j2AhBe/H9VC91wLmKBCCU/gDOnKNAYG5hswO7BLKj09Hc5HYNz9cGI++xlpDCIgDaitVs03ATR84Q==",
          "dev": true
        },
        "fast-json-stable-stringify": {
          "version": "2.1.0",
          "resolved": "https://registry.npmjs.org/fast-json-stable-stringify/-/fast-json-stable-stringify-2.1.0.tgz",
          "integrity": "sha512-lhd/wF+Lk98HZoTCtlVraHtfh5XYijIjalXck7saUtuanSDyLMxnHhSXEDJqHxD7msR8D0uCmqlkwjCV8xvwHw==",
          "dev": true
        },
        "find-up": {
          "version": "3.0.0",
          "resolved": "https://registry.npmjs.org/find-up/-/find-up-3.0.0.tgz",
          "integrity": "sha512-1yD6RmLI1XBfxugvORwlck6f75tYL+iR0jqwsOrOxMZyGYqUuDhJ0l4AXdO1iX/FTs9cBAMEk1gWSEx1kSbylg==",
          "dev": true,
          "requires": {
            "locate-path": "^3.0.0"
          }
        },
        "hoist-non-react-statics": {
          "version": "3.3.2",
          "resolved": "https://registry.npmjs.org/hoist-non-react-statics/-/hoist-non-react-statics-3.3.2.tgz",
          "integrity": "sha512-/gGivxi8JPKWNm/W0jSmzcMPpfpPLc3dY/6GxhX2hQ9iGj3aDfklV4ET7NjKpSinLpJ5vafa9iiGIEZg10SfBw==",
          "dev": true,
          "requires": {
            "react-is": "^16.7.0"
          },
          "dependencies": {
            "react-is": {
              "version": "16.13.1",
              "resolved": "https://registry.npmjs.org/react-is/-/react-is-16.13.1.tgz",
              "integrity": "sha512-24e6ynE2H+OKt4kqsOvNd8kBpV65zoxbA4BVsEOB3ARVWQki/DHzaUoC5KuON/BiccDaCCTZBuOcfZs70kR8bQ==",
              "dev": true
            }
          }
        },
        "hyphenate-style-name": {
          "version": "1.0.4",
          "resolved": "https://registry.npmjs.org/hyphenate-style-name/-/hyphenate-style-name-1.0.4.tgz",
          "integrity": "sha512-ygGZLjmXfPHj+ZWh6LwbC37l43MhfztxetbFCoYTM2VjkIUpeHgSNn7QIyVFj7YQ1Wl9Cbw5sholVJPzWvC2MQ==",
          "dev": true
        },
        "is-in-browser": {
          "version": "1.1.3",
          "resolved": "https://registry.npmjs.org/is-in-browser/-/is-in-browser-1.1.3.tgz",
          "integrity": "sha1-Vv9NtoOgeMYILrldrX3GLh0E+DU=",
          "dev": true
        },
        "is-obj": {
          "version": "2.0.0",
          "resolved": "https://registry.npmjs.org/is-obj/-/is-obj-2.0.0.tgz",
          "integrity": "sha512-drqDG3cbczxxEJRoOXcOjtdp1J/lyp1mNn0xaznRs8+muBhgQcrnbspox5X5fOw0HnMnbfDzvnEMEtqDEJEo8w==",
          "dev": true
        },
        "js-tokens": {
          "version": "4.0.0",
          "resolved": "https://registry.npmjs.org/js-tokens/-/js-tokens-4.0.0.tgz",
          "integrity": "sha512-RdJUflcE3cUzKiMqQgsCu06FPu9UdIJO0beYbPhHN4k6apgJtifcoCtT9bcxOpYBtpD2kCM6Sbzg4CausW/PKQ==",
          "dev": true
        },
        "json-schema-traverse": {
          "version": "0.4.1",
          "resolved": "https://registry.npmjs.org/json-schema-traverse/-/json-schema-traverse-0.4.1.tgz",
          "integrity": "sha512-xbbCH5dCYU5T8LcEhhuh7HJ88HXuW3qsI3Y0zOZFKfZEHcpWiHU/Jxzk629Brsab/mMiHQti9wMP+845RPe3Vg==",
          "dev": true
        },
        "json-schema-typed": {
          "version": "7.0.3",
          "resolved": "https://registry.npmjs.org/json-schema-typed/-/json-schema-typed-7.0.3.tgz",
          "integrity": "sha512-7DE8mpG+/fVw+dTpjbxnx47TaMnDfOI1jwft9g1VybltZCduyRQPJPvc+zzKY9WPHxhPWczyFuYa6I8Mw4iU5A==",
          "dev": true
        },
        "jss": {
          "version": "10.8.2",
          "resolved": "https://registry.npmjs.org/jss/-/jss-10.8.2.tgz",
          "integrity": "sha512-FkoUNxI329CKQ9OQC8L72MBF9KPf5q8mIupAJ5twU7G7XREW7ahb+7jFfrjZ4iy1qvhx1HwIWUIvkZBDnKkEdQ==",
          "dev": true,
          "requires": {
            "@babel/runtime": "^7.3.1",
            "csstype": "^3.0.2",
            "is-in-browser": "^1.1.3",
            "tiny-warning": "^1.0.2"
          },
          "dependencies": {
            "csstype": {
              "version": "3.0.10",
              "resolved": "https://registry.npmjs.org/csstype/-/csstype-3.0.10.tgz",
              "integrity": "sha512-2u44ZG2OcNUO9HDp/Jl8C07x6pU/eTR3ncV91SiK3dhG9TWvRVsCoJw14Ckx5DgWkzGA3waZWO3d7pgqpUI/XA==",
              "dev": true
            }
          }
        },
        "jss-plugin-camel-case": {
          "version": "10.8.2",
          "resolved": "https://registry.npmjs.org/jss-plugin-camel-case/-/jss-plugin-camel-case-10.8.2.tgz",
          "integrity": "sha512-2INyxR+1UdNuKf4v9It3tNfPvf7IPrtkiwzofeKuMd5D58/dxDJVUQYRVg/n460rTlHUfsEQx43hDrcxi9dSPA==",
          "dev": true,
          "requires": {
            "@babel/runtime": "^7.3.1",
            "hyphenate-style-name": "^1.0.3",
            "jss": "10.8.2"
          }
        },
        "jss-plugin-default-unit": {
          "version": "10.8.2",
          "resolved": "https://registry.npmjs.org/jss-plugin-default-unit/-/jss-plugin-default-unit-10.8.2.tgz",
          "integrity": "sha512-UZ7cwT9NFYSG+SEy7noRU50s4zifulFdjkUNKE+u6mW7vFP960+RglWjTgMfh79G6OENZmaYnjHV/gcKV4nSxg==",
          "dev": true,
          "requires": {
            "@babel/runtime": "^7.3.1",
            "jss": "10.8.2"
          }
        },
        "jss-plugin-global": {
          "version": "10.8.2",
          "resolved": "https://registry.npmjs.org/jss-plugin-global/-/jss-plugin-global-10.8.2.tgz",
          "integrity": "sha512-UaYMSPsYZ7s/ECGoj4KoHC2jwQd5iQ7K+FFGnCAILdQrv7hPmvM2Ydg45ThT/sH46DqktCRV2SqjRuxeBH8nRA==",
          "dev": true,
          "requires": {
            "@babel/runtime": "^7.3.1",
            "jss": "10.8.2"
          }
        },
        "jss-plugin-nested": {
          "version": "10.8.2",
          "resolved": "https://registry.npmjs.org/jss-plugin-nested/-/jss-plugin-nested-10.8.2.tgz",
          "integrity": "sha512-acRvuPJOb930fuYmhkJaa994EADpt8TxI63Iyg96C8FJ9T2xRyU5T6R1IYKRwUiqZo+2Sr7fdGzRTDD4uBZaMA==",
          "dev": true,
          "requires": {
            "@babel/runtime": "^7.3.1",
            "jss": "10.8.2",
            "tiny-warning": "^1.0.2"
          }
        },
        "jss-plugin-props-sort": {
          "version": "10.8.2",
          "resolved": "https://registry.npmjs.org/jss-plugin-props-sort/-/jss-plugin-props-sort-10.8.2.tgz",
          "integrity": "sha512-wqdcjayKRWBZnNpLUrXvsWqh+5J5YToAQ+8HNBNw0kZxVvCDwzhK2Nx6AKs7p+5/MbAh2PLgNW5Ym/ysbVAuqQ==",
          "dev": true,
          "requires": {
            "@babel/runtime": "^7.3.1",
            "jss": "10.8.2"
          }
        },
        "jss-plugin-rule-value-function": {
          "version": "10.8.2",
          "resolved": "https://registry.npmjs.org/jss-plugin-rule-value-function/-/jss-plugin-rule-value-function-10.8.2.tgz",
          "integrity": "sha512-bW0EKAs+0HXpb6BKJhrn94IDdiWb0CnSluTkh0rGEgyzY/nmD1uV/Wf6KGlesGOZ9gmJzQy+9FFdxIUID1c9Ug==",
          "dev": true,
          "requires": {
            "@babel/runtime": "^7.3.1",
            "jss": "10.8.2",
            "tiny-warning": "^1.0.2"
          }
        },
        "jss-plugin-vendor-prefixer": {
          "version": "10.8.2",
          "resolved": "https://registry.npmjs.org/jss-plugin-vendor-prefixer/-/jss-plugin-vendor-prefixer-10.8.2.tgz",
          "integrity": "sha512-DeGv18QsSiYLSVIEB2+l0af6OToUe0JB+trpzUxyqD2QRC/5AzzDrCrYffO5AHZ81QbffYvSN/pkfZaTWpRXlg==",
          "dev": true,
          "requires": {
            "@babel/runtime": "^7.3.1",
            "css-vendor": "^2.0.8",
            "jss": "10.8.2"
          }
        },
        "locate-path": {
          "version": "3.0.0",
          "resolved": "https://registry.npmjs.org/locate-path/-/locate-path-3.0.0.tgz",
          "integrity": "sha512-7AO748wWnIhNqAuaty2ZWHkQHRSNfPVIsPIfwEOWO22AmaoVrWavlOcMR5nzTLNYvp36X220/maaRsrec1G65A==",
          "dev": true,
          "requires": {
            "p-locate": "^3.0.0",
            "path-exists": "^3.0.0"
          }
        },
        "loose-envify": {
          "version": "1.4.0",
          "resolved": "https://registry.npmjs.org/loose-envify/-/loose-envify-1.4.0.tgz",
          "integrity": "sha512-lyuxPGr/Wfhrlem2CL/UcnUc1zcqKAImBDzukY7Y5F/yQiNdko6+fRLevlw1HgMySw7f611UIY408EtxRSoK3Q==",
          "dev": true,
          "requires": {
            "js-tokens": "^3.0.0 || ^4.0.0"
          }
        },
        "lru-cache": {
          "version": "6.0.0",
          "resolved": "https://registry.npmjs.org/lru-cache/-/lru-cache-6.0.0.tgz",
          "integrity": "sha512-Jo6dJ04CmSjuznwJSS3pUeWmd/H0ffTlkXXgwZi+eq1UCmqQwCh+eLsYOYCwY991i2Fah4h1BEMCx4qThGbsiA==",
          "dev": true,
          "requires": {
            "yallist": "^4.0.0"
          }
        },
        "make-dir": {
          "version": "3.1.0",
          "resolved": "https://registry.npmjs.org/make-dir/-/make-dir-3.1.0.tgz",
          "integrity": "sha512-g3FeP20LNwhALb/6Cz6Dd4F2ngze0jz7tbzrD2wAV+o9FeNHe4rL+yK2md0J/fiSf1sa1ADhXqi5+oVwOM/eGw==",
          "dev": true,
          "requires": {
            "semver": "^6.0.0"
          },
          "dependencies": {
            "semver": {
              "version": "6.3.0",
              "resolved": "https://registry.npmjs.org/semver/-/semver-6.3.0.tgz",
              "integrity": "sha512-b39TBaTSfV6yBrapU89p5fKekE2m/NwnDocOVruQFS1/veMgdzuPcnOM34M6CwxW8jH/lxEa5rBoDeUwu5HHTw==",
              "dev": true
            }
          }
        },
        "mimic-fn": {
          "version": "3.1.0",
          "resolved": "https://registry.npmjs.org/mimic-fn/-/mimic-fn-3.1.0.tgz",
          "integrity": "sha512-Ysbi9uYW9hFyfrThdDEQuykN4Ey6BuwPD2kpI5ES/nFTDn/98yxYNLZJcgUAKPT/mcrLLKaGzJR9YVxJrIdASQ==",
          "dev": true
        },
        "object-assign": {
          "version": "4.1.1",
          "resolved": "https://registry.npmjs.org/object-assign/-/object-assign-4.1.1.tgz",
          "integrity": "sha1-IQmtx5ZYh8/AXLvUQsrIv7s2CGM=",
          "dev": true
        },
        "onetime": {
          "version": "5.1.2",
          "resolved": "https://registry.npmjs.org/onetime/-/onetime-5.1.2.tgz",
          "integrity": "sha512-kbpaSSGJTWdAY5KPVeMOKXSrPtr8C8C7wodJbcsd51jRnmD+GZu8Y0VoU6Dm5Z4vWr0Ig/1NKuWRKf7j5aaYSg==",
          "dev": true,
          "requires": {
            "mimic-fn": "^2.1.0"
          },
          "dependencies": {
            "mimic-fn": {
              "version": "2.1.0",
              "resolved": "https://registry.npmjs.org/mimic-fn/-/mimic-fn-2.1.0.tgz",
              "integrity": "sha512-OqbOk5oEQeAZ8WXWydlu9HJjz9WVdEIvamMCcXmuqUYjTknH/sqsWvhQ3vgwKFRR1HpjvNBKQ37nbJgYzGqGcg==",
              "dev": true
            }
          }
        },
        "p-limit": {
          "version": "2.3.0",
          "resolved": "https://registry.npmjs.org/p-limit/-/p-limit-2.3.0.tgz",
          "integrity": "sha512-//88mFWSJx8lxCzwdAABTJL2MyWB12+eIY7MDL2SqLmAkeKU9qxRvWuSyTjm3FUmpBEMuFfckAIqEaVGUDxb6w==",
          "dev": true,
          "requires": {
            "p-try": "^2.0.0"
          }
        },
        "p-locate": {
          "version": "3.0.0",
          "resolved": "https://registry.npmjs.org/p-locate/-/p-locate-3.0.0.tgz",
          "integrity": "sha512-x+12w/To+4GFfgJhBEpiDcLozRJGegY+Ei7/z0tSLkMmxGZNybVMSfWj9aJn8Z5Fc7dBUNJOOVgPv2H7IwulSQ==",
          "dev": true,
          "requires": {
            "p-limit": "^2.0.0"
          }
        },
        "p-try": {
          "version": "2.2.0",
          "resolved": "https://registry.npmjs.org/p-try/-/p-try-2.2.0.tgz",
          "integrity": "sha512-R4nPAVTAU0B9D35/Gk3uJf/7XYbQcyohSKdvAxIRSNghFl4e71hVoGnBNQz9cWaXxO2I10KTC+3jMdvvoKw6dQ==",
          "dev": true
        },
        "path-exists": {
          "version": "3.0.0",
          "resolved": "https://registry.npmjs.org/path-exists/-/path-exists-3.0.0.tgz",
          "integrity": "sha1-zg6+ql94yxiSXqfYENe1mwEP1RU=",
          "dev": true
        },
        "pkg-up": {
          "version": "3.1.0",
          "resolved": "https://registry.npmjs.org/pkg-up/-/pkg-up-3.1.0.tgz",
          "integrity": "sha512-nDywThFk1i4BQK4twPQ6TA4RT8bDY96yeuCVBWL3ePARCiEKDRSrNGbFIgUJpLp+XeIR65v8ra7WuJOFUBtkMA==",
          "dev": true,
          "requires": {
            "find-up": "^3.0.0"
          }
        },
        "popper.js": {
          "version": "1.16.1-lts",
          "resolved": "https://registry.npmjs.org/popper.js/-/popper.js-1.16.1-lts.tgz",
          "integrity": "sha512-Kjw8nKRl1m+VrSFCoVGPph93W/qrSO7ZkqPpTf7F4bk/sqcfWK019dWBUpE/fBOsOQY1dks/Bmcbfn1heM/IsA==",
          "dev": true
        },
        "prop-types": {
          "version": "15.7.2",
          "resolved": "https://registry.npmjs.org/prop-types/-/prop-types-15.7.2.tgz",
          "integrity": "sha512-8QQikdH7//R2vurIJSutZ1smHYTcLpRWEOlHnzcWHmBYrOGUysKwSsrC89BCiFj3CbrfJ/nXFdJepOVrY1GCHQ==",
          "dev": true,
          "requires": {
            "loose-envify": "^1.4.0",
            "object-assign": "^4.1.1",
            "react-is": "^16.8.1"
          },
          "dependencies": {
            "react-is": {
              "version": "16.13.1",
              "resolved": "https://registry.npmjs.org/react-is/-/react-is-16.13.1.tgz",
              "integrity": "sha512-24e6ynE2H+OKt4kqsOvNd8kBpV65zoxbA4BVsEOB3ARVWQki/DHzaUoC5KuON/BiccDaCCTZBuOcfZs70kR8bQ==",
              "dev": true
            }
          }
        },
        "punycode": {
          "version": "2.1.1",
          "resolved": "https://registry.npmjs.org/punycode/-/punycode-2.1.1.tgz",
          "integrity": "sha512-XRsRjdf+j5ml+y/6GKHPZbrF/8p2Yga0JPtdqTIY2Xe5ohJPD9saDJJLPvp9+NSBprVvevdXZybnj2cv8OEd0A==",
          "dev": true
        },
        "react-is": {
          "version": "17.0.2",
          "resolved": "https://registry.npmjs.org/react-is/-/react-is-17.0.2.tgz",
          "integrity": "sha512-w2GsyukL62IJnlaff/nRegPQR94C/XXamvMWmSHRJ4y7Ts/4ocGRmTHvOs8PSE6pB3dWOrD/nueuU5sduBsQ4w==",
          "dev": true
        },
        "react-transition-group": {
          "version": "4.4.2",
          "resolved": "https://registry.npmjs.org/react-transition-group/-/react-transition-group-4.4.2.tgz",
          "integrity": "sha512-/RNYfRAMlZwDSr6z4zNKV6xu53/e2BuaBbGhbyYIXTrmgu/bGHzmqOs7mJSJBHy9Ud+ApHx3QjrkKSp1pxvlFg==",
          "dev": true,
          "requires": {
            "@babel/runtime": "^7.5.5",
            "dom-helpers": "^5.0.1",
            "loose-envify": "^1.4.0",
            "prop-types": "^15.6.2"
          }
        },
        "regenerator-runtime": {
          "version": "0.13.9",
          "resolved": "https://registry.npmjs.org/regenerator-runtime/-/regenerator-runtime-0.13.9.tgz",
          "integrity": "sha512-p3VT+cOEgxFsRRA9X4lkI1E+k2/CtnKtU4gcxyaCUreilL/vqI6CdZ3wxVUx3UOUg+gnUOQQcRI7BmSI656MYA==",
          "dev": true
        },
        "semver": {
          "version": "7.3.5",
          "resolved": "https://registry.npmjs.org/semver/-/semver-7.3.5.tgz",
          "integrity": "sha512-PoeGJYh8HK4BTO/a9Tf6ZG3veo/A7ZVsYrSA6J8ny9nb3B1VrpkuN+z9OE5wfE5p6H4LchYZsegiQgbJD94ZFQ==",
          "dev": true,
          "requires": {
            "lru-cache": "^6.0.0"
          }
        },
        "tiny-warning": {
          "version": "1.0.3",
          "resolved": "https://registry.npmjs.org/tiny-warning/-/tiny-warning-1.0.3.tgz",
          "integrity": "sha512-lBN9zLN/oAf68o3zNXYrdCt1kP8WsiGW8Oo2ka41b2IM5JL/S1CTyX1rW0mb/zSuJun0ZUrDxx4sqvYS2FWzPA==",
          "dev": true
        },
        "typed-emitter": {
          "version": "1.3.1",
          "resolved": "https://registry.npmjs.org/typed-emitter/-/typed-emitter-1.3.1.tgz",
          "integrity": "sha512-2h7utWyXgd2R2u2IuL8B4yu1gqMxbgUj2VS/MGVbFhEVQNJKXoQQoS5CBMh+eW31zFeSmDfEQ3qQf4xy5SlPVQ==",
          "dev": true
        },
        "uri-js": {
          "version": "4.4.1",
          "resolved": "https://registry.npmjs.org/uri-js/-/uri-js-4.4.1.tgz",
          "integrity": "sha512-7rKUyy33Q1yc98pQ1DAmLtwX109F7TIfWlW1Ydo8Wl1ii1SeHieeh0HHfPeL2fMXK6z0s8ecKs9frCuLJvndBg==",
          "dev": true,
          "requires": {
            "punycode": "^2.1.0"
          }
        },
        "yallist": {
          "version": "4.0.0",
          "resolved": "https://registry.npmjs.org/yallist/-/yallist-4.0.0.tgz",
          "integrity": "sha512-3wdGidZyq5PB084XLES5TpOSRA3wjXAlIWMhum2kRcv/41Sn2emQ0dycQW4uZXLejwKvg6EsvbdlVL+FYEct7A==",
          "dev": true
        }
      }
    },
    "semver": {
      "version": "7.3.2",
      "resolved": "https://registry.npmjs.org/semver/-/semver-7.3.2.tgz",
      "integrity": "sha512-OrOb32TeeambH6UrhtShmF7CRDqhL6/5XpPNp2DuRH6+9QLw/orhp72j87v8Qa1ScDkvrrBNpZcDejAirJmfXQ==",
      "dev": true
    }
  }
}
